
Microsoft Visual Studio Solution File, Format Version 12.00
# Visual Studio 15
VisualStudioVersion = 15.0.26730.15
MinimumVisualStudioVersion = 10.0.40219.1
Project("{FAE04EC0-301F-11D3-BF4B-00C04F79EFBC}") = "Angular4Seed", "Angular4Seed\Angular4Seed.csproj", "{7ABC6945-7F0D-47D5-B938-95C366EFA7E7}"
EndProject
Global
	GlobalSection(SolutionConfigurationPlatforms) = preSolution
		Debug|Any CPU = Debug|Any CPU
		Release|Any CPU = Release|Any CPU
	EndGlobalSection
	GlobalSection(ProjectConfigurationPlatforms) = postSolution
		{7ABC6945-7F0D-47D5-B938-95C366EFA7E7}.Debug|Any CPU.ActiveCfg = Debug|Any CPU
		{7ABC6945-7F0D-47D5-B938-95C366EFA7E7}.Debug|Any CPU.Build.0 = Debug|Any CPU
		{7ABC6945-7F0D-47D5-B938-95C366EFA7E7}.Release|Any CPU.ActiveCfg = Release|Any CPU
		{7ABC6945-7F0D-47D5-B938-95C366EFA7E7}.Release|Any CPU.Build.0 = Release|Any CPU
	EndGlobalSection
	GlobalSection(SolutionProperties) = preSolution
		HideSolutionNode = FALSE
	EndGlobalSection
	GlobalSection(ExtensibilityGlobals) = postSolution
		SolutionGuid = {E9E45653-E084-44BB-A667-F7413543199F}
	EndGlobalSection
EndGlobal
